// !$*UTF8*$!
{
	archiveVersion = 1;
	classes = {
	};
	objectVersion = 55;
	objects = {

/* Begin PBXBuildFile section */
		136B88DE28E89AAB007A6EE7 /* Tests_iOS.swift in Sources */ = {isa = PBXBuildFile; fileRef = 136B88DD28E89AAB007A6EE7 /* Tests_iOS.swift */; };
		136B88E028E89AAB007A6EE7 /* Tests_iOSLaunchTests.swift in Sources */ = {isa = PBXBuildFile; fileRef = 136B88DF28E89AAB007A6EE7 /* Tests_iOSLaunchTests.swift */; };
		136B88EA28E89AAB007A6EE7 /* Tests_macOS.swift in Sources */ = {isa = PBXBuildFile; fileRef = 136B88E928E89AAB007A6EE7 /* Tests_macOS.swift */; };
		136B88EC28E89AAB007A6EE7 /* Tests_macOSLaunchTests.swift in Sources */ = {isa = PBXBuildFile; fileRef = 136B88EB28E89AAB007A6EE7 /* Tests_macOSLaunchTests.swift */; };
		136B88ED28E89AAB007A6EE7 /* MyCarbonFootprintApp.swift in Sources */ = {isa = PBXBuildFile; fileRef = 136B88C528E89AA2007A6EE7 /* MyCarbonFootprintApp.swift */; };
		136B88EE28E89AAB007A6EE7 /* MyCarbonFootprintApp.swift in Sources */ = {isa = PBXBuildFile; fileRef = 136B88C528E89AA2007A6EE7 /* MyCarbonFootprintApp.swift */; };
		136B88EF28E89AAB007A6EE7 /* ContentView.swift in Sources */ = {isa = PBXBuildFile; fileRef = 136B88C628E89AA2007A6EE7 /* ContentView.swift */; };
		136B88F028E89AAB007A6EE7 /* ContentView.swift in Sources */ = {isa = PBXBuildFile; fileRef = 136B88C628E89AA2007A6EE7 /* ContentView.swift */; };
		136B88F128E89AAB007A6EE7 /* Assets.xcassets in Resources */ = {isa = PBXBuildFile; fileRef = 136B88C728E89AAB007A6EE7 /* Assets.xcassets */; };
		136B88F228E89AAB007A6EE7 /* Assets.xcassets in Resources */ = {isa = PBXBuildFile; fileRef = 136B88C728E89AAB007A6EE7 /* Assets.xcassets */; };
/* End PBXBuildFile section */

/* Begin PBXContainerItemProxy section */
		136B88DA28E89AAB007A6EE7 /* PBXContainerItemProxy */ = {
			isa = PBXContainerItemProxy;
			containerPortal = 136B88C028E89AA2007A6EE7 /* Project object */;
			proxyType = 1;
			remoteGlobalIDString = 136B88CB28E89AAB007A6EE7;
			remoteInfo = "MyCarbonFootprint (iOS)";
		};
		136B88E628E89AAB007A6EE7 /* PBXContainerItemProxy */ = {
			isa = PBXContainerItemProxy;
			containerPortal = 136B88C028E89AA2007A6EE7 /* Project object */;
			proxyType = 1;
			remoteGlobalIDString = 136B88D128E89AAB007A6EE7;
			remoteInfo = "MyCarbonFootprint (macOS)";
		};
/* End PBXContainerItemProxy section */

/* Begin PBXFileReference section */
		136B88C528E89AA2007A6EE7 /* MyCarbonFootprintApp.swift */ = {isa = PBXFileReference; lastKnownFileType = sourcecode.swift; path = MyCarbonFootprintApp.swift; sourceTree = "<group>"; };
		136B88C628E89AA2007A6EE7 /* ContentView.swift */ = {isa = PBXFileReference; lastKnownFileType = sourcecode.swift; path = ContentView.swift; sourceTree = "<group>"; };
		136B88C728E89AAB007A6EE7 /* Assets.xcassets */ = {isa = PBXFileReference; lastKnownFileType = folder.assetcatalog; path = Assets.xcassets; sourceTree = "<group>"; };
		136B88CC28E89AAB007A6EE7 /* MyCarbonFootprint.app */ = {isa = PBXFileReference; explicitFileType = wrapper.application; includeInIndex = 0; path = MyCarbonFootprint.app; sourceTree = BUILT_PRODUCTS_DIR; };
		136B88D228E89AAB007A6EE7 /* MyCarbonFootprint.app */ = {isa = PBXFileReference; explicitFileType = wrapper.application; includeInIndex = 0; path = MyCarbonFootprint.app; sourceTree = BUILT_PRODUCTS_DIR; };
		136B88D428E89AAB007A6EE7 /* macOS.entitlements */ = {isa = PBXFileReference; lastKnownFileType = text.plist.entitlements; path = macOS.entitlements; sourceTree = "<group>"; };
		136B88D928E89AAB007A6EE7 /* Tests iOS.xctest */ = {isa = PBXFileReference; explicitFileType = wrapper.cfbundle; includeInIndex = 0; path = "Tests iOS.xctest"; sourceTree = BUILT_PRODUCTS_DIR; };
		136B88DD28E89AAB007A6EE7 /* Tests_iOS.swift */ = {isa = PBXFileReference; lastKnownFileType = sourcecode.swift; path = Tests_iOS.swift; sourceTree = "<group>"; };
		136B88DF28E89AAB007A6EE7 /* Tests_iOSLaunchTests.swift */ = {isa = PBXFileReference; lastKnownFileType = sourcecode.swift; path = Tests_iOSLaunchTests.swift; sourceTree = "<group>"; };
		136B88E528E89AAB007A6EE7 /* Tests macOS.xctest */ = {isa = PBXFileReference; explicitFileType = wrapper.cfbundle; includeInIndex = 0; path = "Tests macOS.xctest"; sourceTree = BUILT_PRODUCTS_DIR; };
		136B88E928E89AAB007A6EE7 /* Tests_macOS.swift */ = {isa = PBXFileReference; lastKnownFileType = sourcecode.swift; path = Tests_macOS.swift; sourceTree = "<group>"; };
		136B88EB28E89AAB007A6EE7 /* Tests_macOSLaunchTests.swift */ = {isa = PBXFileReference; lastKnownFileType = sourcecode.swift; path = Tests_macOSLaunchTests.swift; sourceTree = "<group>"; };
/* End PBXFileReference section */

/* Begin PBXFrameworksBuildPhase section */
		136B88C928E89AAB007A6EE7 /* Frameworks */ = {
			isa = PBXFrameworksBuildPhase;
			buildActionMask = 2147483647;
			files = (
			);
			runOnlyForDeploymentPostprocessing = 0;
		};
		136B88CF28E89AAB007A6EE7 /* Frameworks */ = {
			isa = PBXFrameworksBuildPhase;
			buildActionMask = 2147483647;
			files = (
			);
			runOnlyForDeploymentPostprocessing = 0;
		};
		136B88D628E89AAB007A6EE7 /* Frameworks */ = {
			isa = PBXFrameworksBuildPhase;
			buildActionMask = 2147483647;
			files = (
			);
			runOnlyForDeploymentPostprocessing = 0;
		};
		136B88E228E89AAB007A6EE7 /* Frameworks */ = {
			isa = PBXFrameworksBuildPhase;
			buildActionMask = 2147483647;
			files = (
			);
			runOnlyForDeploymentPostprocessing = 0;
		};
/* End PBXFrameworksBuildPhase section */

/* Begin PBXGroup section */
		136B88BF28E89AA2007A6EE7 = {
			isa = PBXGroup;
			children = (
				136B88C428E89AA2007A6EE7 /* Shared */,
				136B88D328E89AAB007A6EE7 /* macOS */,
				136B88DC28E89AAB007A6EE7 /* Tests iOS */,
				136B88E828E89AAB007A6EE7 /* Tests macOS */,
				136B88CD28E89AAB007A6EE7 /* Products */,
			);
			sourceTree = "<group>";
		};
		136B88C428E89AA2007A6EE7 /* Shared */ = {
			isa = PBXGroup;
			children = (
				136B88C528E89AA2007A6EE7 /* MyCarbonFootprintApp.swift */,
				136B88C628E89AA2007A6EE7 /* ContentView.swift */,
				136B88C728E89AAB007A6EE7 /* Assets.xcassets */,
			);
			path = Shared;
			sourceTree = "<group>";
		};
		136B88CD28E89AAB007A6EE7 /* Products */ = {
			isa = PBXGroup;
			children = (
				136B88CC28E89AAB007A6EE7 /* MyCarbonFootprint.app */,
				136B88D228E89AAB007A6EE7 /* MyCarbonFootprint.app */,
				136B88D928E89AAB007A6EE7 /* Tests iOS.xctest */,
				136B88E528E89AAB007A6EE7 /* Tests macOS.xctest */,
			);
			name = Products;
			sourceTree = "<group>";
		};
		136B88D328E89AAB007A6EE7 /* macOS */ = {
			isa = PBXGroup;
			children = (
				136B88D428E89AAB007A6EE7 /* macOS.entitlements */,
			);
			path = macOS;
			sourceTree = "<group>";
		};
		136B88DC28E89AAB007A6EE7 /* Tests iOS */ = {
			isa = PBXGroup;
			children = (
				136B88DD28E89AAB007A6EE7 /* Tests_iOS.swift */,
				136B88DF28E89AAB007A6EE7 /* Tests_iOSLaunchTests.swift */,
			);
			path = "Tests iOS";
			sourceTree = "<group>";
		};
		136B88E828E89AAB007A6EE7 /* Tests macOS */ = {
			isa = PBXGroup;
			children = (
				136B88E928E89AAB007A6EE7 /* Tests_macOS.swift */,
				136B88EB28E89AAB007A6EE7 /* Tests_macOSLaunchTests.swift */,
			);
			path = "Tests macOS";
			sourceTree = "<group>";
		};
/* End PBXGroup section */

/* Begin PBXNativeTarget section */
		136B88CB28E89AAB007A6EE7 /* MyCarbonFootprint (iOS) */ = {
			isa = PBXNativeTarget;
			buildConfigurationList = 136B88F528E89AAB007A6EE7 /* Build configuration list for PBXNativeTarget "MyCarbonFootprint (iOS)" */;
			buildPhases = (
				136B88C828E89AAB007A6EE7 /* Sources */,
				136B88C928E89AAB007A6EE7 /* Frameworks */,
				136B88CA28E89AAB007A6EE7 /* Resources */,
			);
			buildRules = (
			);
			dependencies = (
			);
			name = "MyCarbonFootprint (iOS)";
			productName = "MyCarbonFootprint (iOS)";
			productReference = 136B88CC28E89AAB007A6EE7 /* MyCarbonFootprint.app */;
			productType = "com.apple.product-type.application";
		};
		136B88D128E89AAB007A6EE7 /* MyCarbonFootprint (macOS) */ = {
			isa = PBXNativeTarget;
			buildConfigurationList = 136B88F828E89AAB007A6EE7 /* Build configuration list for PBXNativeTarget "MyCarbonFootprint (macOS)" */;
			buildPhases = (
				136B88CE28E89AAB007A6EE7 /* Sources */,
				136B88CF28E89AAB007A6EE7 /* Frameworks */,
				136B88D028E89AAB007A6EE7 /* Resources */,
			);
			buildRules = (
			);
			dependencies = (
			);
			name = "MyCarbonFootprint (macOS)";
			productName = "MyCarbonFootprint (macOS)";
			productReference = 136B88D228E89AAB007A6EE7 /* MyCarbonFootprint.app */;
			productType = "com.apple.product-type.application";
		};
		136B88D828E89AAB007A6EE7 /* Tests iOS */ = {
			isa = PBXNativeTarget;
			buildConfigurationList = 136B88FB28E89AAB007A6EE7 /* Build configuration list for PBXNativeTarget "Tests iOS" */;
			buildPhases = (
				136B88D528E89AAB007A6EE7 /* Sources */,
				136B88D628E89AAB007A6EE7 /* Frameworks */,
				136B88D728E89AAB007A6EE7 /* Resources */,
			);
			buildRules = (
			);
			dependencies = (
				136B88DB28E89AAB007A6EE7 /* PBXTargetDependency */,
			);
			name = "Tests iOS";
			productName = "Tests iOS";
			productReference = 136B88D928E89AAB007A6EE7 /* Tests iOS.xctest */;
			productType = "com.apple.product-type.bundle.ui-testing";
		};
		136B88E428E89AAB007A6EE7 /* Tests macOS */ = {
			isa = PBXNativeTarget;
			buildConfigurationList = 136B88FE28E89AAB007A6EE7 /* Build configuration list for PBXNativeTarget "Tests macOS" */;
			buildPhases = (
				136B88E128E89AAB007A6EE7 /* Sources */,
				136B88E228E89AAB007A6EE7 /* Frameworks */,
				136B88E328E89AAB007A6EE7 /* Resources */,
			);
			buildRules = (
			);
			dependencies = (
				136B88E728E89AAB007A6EE7 /* PBXTargetDependency */,
			);
			name = "Tests macOS";
			productName = "Tests macOS";
			productReference = 136B88E528E89AAB007A6EE7 /* Tests macOS.xctest */;
			productType = "com.apple.product-type.bundle.ui-testing";
		};
/* End PBXNativeTarget section */

/* Begin PBXProject section */
		136B88C028E89AA2007A6EE7 /* Project object */ = {
			isa = PBXProject;
			attributes = {
				BuildIndependentTargetsInParallel = 1;
				LastSwiftUpdateCheck = 1340;
				LastUpgradeCheck = 1340;
				TargetAttributes = {
					136B88CB28E89AAB007A6EE7 = {
						CreatedOnToolsVersion = 13.4.1;
					};
					136B88D128E89AAB007A6EE7 = {
						CreatedOnToolsVersion = 13.4.1;
					};
					136B88D828E89AAB007A6EE7 = {
						CreatedOnToolsVersion = 13.4.1;
						TestTargetID = 136B88CB28E89AAB007A6EE7;
					};
					136B88E428E89AAB007A6EE7 = {
						CreatedOnToolsVersion = 13.4.1;
						TestTargetID = 136B88D128E89AAB007A6EE7;
					};
				};
			};
			buildConfigurationList = 136B88C328E89AA2007A6EE7 /* Build configuration list for PBXProject "MyCarbonFootprint" */;
			compatibilityVersion = "Xcode 13.0";
			developmentRegion = en;
			hasScannedForEncodings = 0;
			knownRegions = (
				en,
				Base,
			);
			mainGroup = 136B88BF28E89AA2007A6EE7;
			productRefGroup = 136B88CD28E89AAB007A6EE7 /* Products */;
			projectDirPath = "";
			projectRoot = "";
			targets = (
				136B88CB28E89AAB007A6EE7 /* MyCarbonFootprint (iOS) */,
				136B88D128E89AAB007A6EE7 /* MyCarbonFootprint (macOS) */,
				136B88D828E89AAB007A6EE7 /* Tests iOS */,
				136B88E428E89AAB007A6EE7 /* Tests macOS */,
			);
		};
/* End PBXProject section */

/* Begin PBXResourcesBuildPhase section */
		136B88CA28E89AAB007A6EE7 /* Resources */ = {
			isa = PBXResourcesBuildPhase;
			buildActionMask = 2147483647;
			files = (
				136B88F128E89AAB007A6EE7 /* Assets.xcassets in Resources */,
			);
			runOnlyForDeploymentPostprocessing = 0;
		};
		136B88D028E89AAB007A6EE7 /* Resources */ = {
			isa = PBXResourcesBuildPhase;
			buildActionMask = 2147483647;
			files = (
				136B88F228E89AAB007A6EE7 /* Assets.xcassets in Resources */,
			);
			runOnlyForDeploymentPostprocessing = 0;
		};
		136B88D728E89AAB007A6EE7 /* Resources */ = {
			isa = PBXResourcesBuildPhase;
			buildActionMask = 2147483647;
			files = (
			);
			runOnlyForDeploymentPostprocessing = 0;
		};
		136B88E328E89AAB007A6EE7 /* Resources */ = {
			isa = PBXResourcesBuildPhase;
			buildActionMask = 2147483647;
			files = (
			);
			runOnlyForDeploymentPostprocessing = 0;
		};
/* End PBXResourcesBuildPhase section */

/* Begin PBXSourcesBuildPhase section */
		136B88C828E89AAB007A6EE7 /* Sources */ = {
			isa = PBXSourcesBuildPhase;
			buildActionMask = 2147483647;
			files = (
				136B88EF28E89AAB007A6EE7 /* ContentView.swift in Sources */,
				136B88ED28E89AAB007A6EE7 /* MyCarbonFootprintApp.swift in Sources */,
			);
			runOnlyForDeploymentPostprocessing = 0;
		};
		136B88CE28E89AAB007A6EE7 /* Sources */ = {
			isa = PBXSourcesBuildPhase;
			buildActionMask = 2147483647;
			files = (
				136B88F028E89AAB007A6EE7 /* ContentView.swift in Sources */,
				136B88EE28E89AAB007A6EE7 /* MyCarbonFootprintApp.swift in Sources */,
			);
			runOnlyForDeploymentPostprocessing = 0;
		};
		136B88D528E89AAB007A6EE7 /* Sources */ = {
			isa = PBXSourcesBuildPhase;
			buildActionMask = 2147483647;
			files = (
				136B88E028E89AAB007A6EE7 /* Tests_iOSLaunchTests.swift in Sources */,
				136B88DE28E89AAB007A6EE7 /* Tests_iOS.swift in Sources */,
			);
			runOnlyForDeploymentPostprocessing = 0;
		};
		136B88E128E89AAB007A6EE7 /* Sources */ = {
			isa = PBXSourcesBuildPhase;
			buildActionMask = 2147483647;
			files = (
				136B88EC28E89AAB007A6EE7 /* Tests_macOSLaunchTests.swift in Sources */,
				136B88EA28E89AAB007A6EE7 /* Tests_macOS.swift in Sources */,
			);
			runOnlyForDeploymentPostprocessing = 0;
		};
/* End PBXSourcesBuildPhase section */

/* Begin PBXTargetDependency section */
		136B88DB28E89AAB007A6EE7 /* PBXTargetDependency */ = {
			isa = PBXTargetDependency;
			target = 136B88CB28E89AAB007A6EE7 /* MyCarbonFootprint (iOS) */;
			targetProxy = 136B88DA28E89AAB007A6EE7 /* PBXContainerItemProxy */;
		};
		136B88E728E89AAB007A6EE7 /* PBXTargetDependency */ = {
			isa = PBXTargetDependency;
			target = 136B88D128E89AAB007A6EE7 /* MyCarbonFootprint (macOS) */;
			targetProxy = 136B88E628E89AAB007A6EE7 /* PBXContainerItemProxy */;
		};
/* End PBXTargetDependency section */

/* Begin XCBuildConfiguration section */
		136B88F328E89AAB007A6EE7 /* Debug */ = {
			isa = XCBuildConfiguration;
			buildSettings = {
				ALWAYS_SEARCH_USER_PATHS = NO;
				CLANG_ANALYZER_NONNULL = YES;
				CLANG_ANALYZER_NUMBER_OBJECT_CONVERSION = YES_AGGRESSIVE;
				CLANG_CXX_LANGUAGE_STANDARD = "gnu++17";
				CLANG_ENABLE_MODULES = YES;
				CLANG_ENABLE_OBJC_ARC = YES;
				CLANG_ENABLE_OBJC_WEAK = YES;
				CLANG_WARN_BLOCK_CAPTURE_AUTORELEASING = YES;
				CLANG_WARN_BOOL_CONVERSION = YES;
				CLANG_WARN_COMMA = YES;
				CLANG_WARN_CONSTANT_CONVERSION = YES;
				CLANG_WARN_DEPRECATED_OBJC_IMPLEMENTATIONS = YES;
				CLANG_WARN_DIRECT_OBJC_ISA_USAGE = YES_ERROR;
				CLANG_WARN_DOCUMENTATION_COMMENTS = YES;
				CLANG_WARN_EMPTY_BODY = YES;
				CLANG_WARN_ENUM_CONVERSION = YES;
				CLANG_WARN_INFINITE_RECURSION = YES;
				CLANG_WARN_INT_CONVERSION = YES;
				CLANG_WARN_NON_LITERAL_NULL_CONVERSION = YES;
				CLANG_WARN_OBJC_IMPLICIT_RETAIN_SELF = YES;
				CLANG_WARN_OBJC_LITERAL_CONVERSION = YES;
				CLANG_WARN_OBJC_ROOT_CLASS = YES_ERROR;
				CLANG_WARN_QUOTED_INCLUDE_IN_FRAMEWORK_HEADER = YES;
				CLANG_WARN_RANGE_LOOP_ANALYSIS = YES;
				CLANG_WARN_STRICT_PROTOTYPES = YES;
				CLANG_WARN_SUSPICIOUS_MOVE = YES;
				CLANG_WARN_UNGUARDED_AVAILABILITY = YES_AGGRESSIVE;
				CLANG_WARN_UNREACHABLE_CODE = YES;
				CLANG_WARN__DUPLICATE_METHOD_MATCH = YES;
				COPY_PHASE_STRIP = NO;
				DEBUG_INFORMATION_FORMAT = dwarf;
				ENABLE_STRICT_OBJC_MSGSEND = YES;
				ENABLE_TESTABILITY = YES;
				GCC_C_LANGUAGE_STANDARD = gnu11;
				GCC_DYNAMIC_NO_PIC = NO;
				GCC_NO_COMMON_BLOCKS = YES;
				GCC_OPTIMIZATION_LEVEL = 0;
				GCC_PREPROCESSOR_DEFINITIONS = (
					"DEBUG=1",
					"$(inherited)",
				);
				GCC_WARN_64_TO_32_BIT_CONVERSION = YES;
				GCC_WARN_ABOUT_RETURN_TYPE = YES_ERROR;
				GCC_WARN_UNDECLARED_SELECTOR = YES;
				GCC_WARN_UNINITIALIZED_AUTOS = YES_AGGRESSIVE;
				GCC_WARN_UNUSED_FUNCTION = YES;
				GCC_WARN_UNUSED_VARIABLE = YES;
				MTL_ENABLE_DEBUG_INFO = INCLUDE_SOURCE;
				MTL_FAST_MATH = YES;
				ONLY_ACTIVE_ARCH = YES;
				SWIFT_ACTIVE_COMPILATION_CONDITIONS = DEBUG;
				SWIFT_OPTIMIZATION_LEVEL = "-Onone";
			};
			name = Debug;
		};
		136B88F428E89AAB007A6EE7 /* Release */ = {
			isa = XCBuildConfiguration;
			buildSettings = {
				ALWAYS_SEARCH_USER_PATHS = NO;
				CLANG_ANALYZER_NONNULL = YES;
				CLANG_ANALYZER_NUMBER_OBJECT_CONVERSION = YES_AGGRESSIVE;
				CLANG_CXX_LANGUAGE_STANDARD = "gnu++17";
				CLANG_ENABLE_MODULES = YES;
				CLANG_ENABLE_OBJC_ARC = YES;
				CLANG_ENABLE_OBJC_WEAK = YES;
				CLANG_WARN_BLOCK_CAPTURE_AUTORELEASING = YES;
				CLANG_WARN_BOOL_CONVERSION = YES;
				CLANG_WARN_COMMA = YES;
				CLANG_WARN_CONSTANT_CONVERSION = YES;
				CLANG_WARN_DEPRECATED_OBJC_IMPLEMENTATIONS = YES;
				CLANG_WARN_DIRECT_OBJC_ISA_USAGE = YES_ERROR;
				CLANG_WARN_DOCUMENTATION_COMMENTS = YES;
				CLANG_WARN_EMPTY_BODY = YES;
				CLANG_WARN_ENUM_CONVERSION = YES;
				CLANG_WARN_INFINITE_RECURSION = YES;
				CLANG_WARN_INT_CONVERSION = YES;
				CLANG_WARN_NON_LITERAL_NULL_CONVERSION = YES;
				CLANG_WARN_OBJC_IMPLICIT_RETAIN_SELF = YES;
				CLANG_WARN_OBJC_LITERAL_CONVERSION = YES;
				CLANG_WARN_OBJC_ROOT_CLASS = YES_ERROR;
				CLANG_WARN_QUOTED_INCLUDE_IN_FRAMEWORK_HEADER = YES;
				CLANG_WARN_RANGE_LOOP_ANALYSIS = YES;
				CLANG_WARN_STRICT_PROTOTYPES = YES;
				CLANG_WARN_SUSPICIOUS_MOVE = YES;
				CLANG_WARN_UNGUARDED_AVAILABILITY = YES_AGGRESSIVE;
				CLANG_WARN_UNREACHABLE_CODE = YES;
				CLANG_WARN__DUPLICATE_METHOD_MATCH = YES;
				COPY_PHASE_STRIP = NO;
				DEBUG_INFORMATION_FORMAT = "dwarf-with-dsym";
				ENABLE_NS_ASSERTIONS = NO;
				ENABLE_STRICT_OBJC_MSGSEND = YES;
				GCC_C_LANGUAGE_STANDARD = gnu11;
				GCC_NO_COMMON_BLOCKS = YES;
				GCC_WARN_64_TO_32_BIT_CONVERSION = YES;
				GCC_WARN_ABOUT_RETURN_TYPE = YES_ERROR;
				GCC_WARN_UNDECLARED_SELECTOR = YES;
				GCC_WARN_UNINITIALIZED_AUTOS = YES_AGGRESSIVE;
				GCC_WARN_UNUSED_FUNCTION = YES;
				GCC_WARN_UNUSED_VARIABLE = YES;
				MTL_ENABLE_DEBUG_INFO = NO;
				MTL_FAST_MATH = YES;
				SWIFT_COMPILATION_MODE = wholemodule;
				SWIFT_OPTIMIZATION_LEVEL = "-O";
			};
			name = Release;
		};
		136B88F628E89AAB007A6EE7 /* Debug */ = {
			isa = XCBuildConfiguration;
			buildSettings = {
				ASSETCATALOG_COMPILER_APPICON_NAME = AppIcon;
				ASSETCATALOG_COMPILER_GLOBAL_ACCENT_COLOR_NAME = AccentColor;
				CODE_SIGN_STYLE = Automatic;
				CURRENT_PROJECT_VERSION = 1;
				DEVELOPMENT_TEAM = 257K27MSMU;
				ENABLE_PREVIEWS = YES;
				GENERATE_INFOPLIST_FILE = YES;
				INFOPLIST_KEY_UIApplicationSceneManifest_Generation = YES;
				INFOPLIST_KEY_UIApplicationSupportsIndirectInputEvents = YES;
				INFOPLIST_KEY_UILaunchScreen_Generation = YES;
				INFOPLIST_KEY_UISupportedInterfaceOrientations_iPad = "UIInterfaceOrientationPortrait UIInterfaceOrientationPortraitUpsideDown UIInterfaceOrientationLandscapeLeft UIInterfaceOrientationLandscapeRight";
				INFOPLIST_KEY_UISupportedInterfaceOrientations_iPhone = "UIInterfaceOrientationPortrait UIInterfaceOrientationLandscapeLeft UIInterfaceOrientationLandscapeRight";
				IPHONEOS_DEPLOYMENT_TARGET = 15.5;
				LD_RUNPATH_SEARCH_PATHS = (
					"$(inherited)",
					"@executable_path/Frameworks",
				);
				MARKETING_VERSION = 1.0;
				PRODUCT_BUNDLE_IDENTIFIER = HackMit.MyCarbonFootprint;
				PRODUCT_NAME = MyCarbonFootprint;
				SDKROOT = iphoneos;
				SWIFT_EMIT_LOC_STRINGS = YES;
				SWIFT_VERSION = 5.0;
				TARGETED_DEVICE_FAMILY = "1,2";
			};
			name = Debug;
		};
		136B88F728E89AAB007A6EE7 /* Release */ = {
			isa = XCBuildConfiguration;
			buildSettings = {
				ASSETCATALOG_COMPILER_APPICON_NAME = AppIcon;
				ASSETCATALOG_COMPILER_GLOBAL_ACCENT_COLOR_NAME = AccentColor;
				CODE_SIGN_STYLE = Automatic;
				CURRENT_PROJECT_VERSION = 1;
				DEVELOPMENT_TEAM = 257K27MSMU;
				ENABLE_PREVIEWS = YES;
				GENERATE_INFOPLIST_FILE = YES;
				INFOPLIST_KEY_UIApplicationSceneManifest_Generation = YES;
				INFOPLIST_KEY_UIApplicationSupportsIndirectInputEvents = YES;
				INFOPLIST_KEY_UILaunchScreen_Generation = YES;
				INFOPLIST_KEY_UISupportedInterfaceOrientations_iPad = "UIInterfaceOrientationPortrait UIInterfaceOrientationPortraitUpsideDown UIInterfaceOrientationLandscapeLeft UIInterfaceOrientationLandscapeRight";
				INFOPLIST_KEY_UISupportedInterfaceOrientations_iPhone = "UIInterfaceOrientationPortrait UIInterfaceOrientationLandscapeLeft UIInterfaceOrientationLandscapeRight";
				IPHONEOS_DEPLOYMENT_TARGET = 15.5;
				LD_RUNPATH_SEARCH_PATHS = (
					"$(inherited)",
					"@executable_path/Frameworks",
				);
				MARKETING_VERSION = 1.0;
				PRODUCT_BUNDLE_IDENTIFIER = HackMit.MyCarbonFootprint;
				PRODUCT_NAME = MyCarbonFootprint;
				SDKROOT = iphoneos;
				SWIFT_EMIT_LOC_STRINGS = YES;
				SWIFT_VERSION = 5.0;
				TARGETED_DEVICE_FAMILY = "1,2";
				VALIDATE_PRODUCT = YES;
			};
			name = Release;
		};
		136B88F928E89AAB007A6EE7 /* Debug */ = {
			isa = XCBuildConfiguration;
			buildSettings = {
				ASSETCATALOG_COMPILER_APPICON_NAME = AppIcon;
				ASSETCATALOG_COMPILER_GLOBAL_ACCENT_COLOR_NAME = AccentColor;
				CODE_SIGN_ENTITLEMENTS = macOS/macOS.entitlements;
				CODE_SIGN_STYLE = Automatic;
				COMBINE_HIDPI_IMAGES = YES;
				CURRENT_PROJECT_VERSION = 1;
				DEVELOPMENT_TEAM = 257K27MSMU;
				ENABLE_HARDENED_RUNTIME = YES;
				ENABLE_PREVIEWS = YES;
				GENERATE_INFOPLIST_FILE = YES;
				INFOPLIST_KEY_NSHumanReadableCopyright = "";
				LD_RUNPATH_SEARCH_PATHS = (
					"$(inherited)",
					"@executable_path/../Frameworks",
				);
				MACOSX_DEPLOYMENT_TARGET = 12.3;
				MARKETING_VERSION = 1.0;
				PRODUCT_BUNDLE_IDENTIFIER = HackMit.MyCarbonFootprint;
				PRODUCT_NAME = MyCarbonFootprint;
				SDKROOT = macosx;
				SWIFT_EMIT_LOC_STRINGS = YES;
				SWIFT_VERSION = 5.0;
			};
			name = Debug;
		};
		136B88FA28E89AAB007A6EE7 /* Release */ = {
			isa = XCBuildConfiguration;
			buildSettings = {
				ASSETCATALOG_COMPILER_APPICON_NAME = AppIcon;
				ASSETCATALOG_COMPILER_GLOBAL_ACCENT_COLOR_NAME = AccentColor;
				CODE_SIGN_ENTITLEMENTS = macOS/macOS.entitlements;
				CODE_SIGN_STYLE = Automatic;
				COMBINE_HIDPI_IMAGES = YES;
				CURRENT_PROJECT_VERSION = 1;
				DEVELOPMENT_TEAM = 257K27MSMU;
				ENABLE_HARDENED_RUNTIME = YES;
				ENABLE_PREVIEWS = YES;
				GENERATE_INFOPLIST_FILE = YES;
				INFOPLIST_KEY_NSHumanReadableCopyright = "";
				LD_RUNPATH_SEARCH_PATHS = (
					"$(inherited)",
					"@executable_path/../Frameworks",
				);
				MACOSX_DEPLOYMENT_TARGET = 12.3;
				MARKETING_VERSION = 1.0;
				PRODUCT_BUNDLE_IDENTIFIER = HackMit.MyCarbonFootprint;
				PRODUCT_NAME = MyCarbonFootprint;
				SDKROOT = macosx;
				SWIFT_EMIT_LOC_STRINGS = YES;
				SWIFT_VERSION = 5.0;
			};
			name = Release;
		};
		136B88FC28E89AAB007A6EE7 /* Debug */ = {
			isa = XCBuildConfiguration;
			buildSettings = {
				ALWAYS_EMBED_SWIFT_STANDARD_LIBRARIES = YES;
				CODE_SIGN_STYLE = Automatic;
				CURRENT_PROJECT_VERSION = 1;
				DEVELOPMENT_TEAM = 257K27MSMU;
				GENERATE_INFOPLIST_FILE = YES;
				IPHONEOS_DEPLOYMENT_TARGET = 15.5;
				MARKETING_VERSION = 1.0;
				PRODUCT_BUNDLE_IDENTIFIER = "HackMit.Tests-iOS";
				PRODUCT_NAME = "$(TARGET_NAME)";
				SDKROOT = iphoneos;
				SWIFT_EMIT_LOC_STRINGS = NO;
				SWIFT_VERSION = 5.0;
				TARGETED_DEVICE_FAMILY = "1,2";
				TEST_TARGET_NAME = "MyCarbonFootprint (iOS)";
			};
			name = Debug;
		};
		136B88FD28E89AAB007A6EE7 /* Release */ = {
			isa = XCBuildConfiguration;
			buildSettings = {
				ALWAYS_EMBED_SWIFT_STANDARD_LIBRARIES = YES;
				CODE_SIGN_STYLE = Automatic;
				CURRENT_PROJECT_VERSION = 1;
				DEVELOPMENT_TEAM = 257K27MSMU;
				GENERATE_INFOPLIST_FILE = YES;
				IPHONEOS_DEPLOYMENT_TARGET = 15.5;
				MARKETING_VERSION = 1.0;
				PRODUCT_BUNDLE_IDENTIFIER = "HackMit.Tests-iOS";
				PRODUCT_NAME = "$(TARGET_NAME)";
				SDKROOT = iphoneos;
				SWIFT_EMIT_LOC_STRINGS = NO;
				SWIFT_VERSION = 5.0;
				TARGETED_DEVICE_FAMILY = "1,2";
				TEST_TARGET_NAME = "MyCarbonFootprint (iOS)";
				VALIDATE_PRODUCT = YES;
			};
			name = Release;
		};
		136B88FF28E89AAB007A6EE7 /* Debug */ = {
			isa = XCBuildConfiguration;
			buildSettings = {
				ALWAYS_EMBED_SWIFT_STANDARD_LIBRARIES = YES;
				CODE_SIGN_STYLE = Automatic;
				CURRENT_PROJECT_VERSION = 1;
				DEVELOPMENT_TEAM = 257K27MSMU;
				GENERATE_INFOPLIST_FILE = YES;
				MACOSX_DEPLOYMENT_TARGET = 12.3;
				MARKETING_VERSION = 1.0;
				PRODUCT_BUNDLE_IDENTIFIER = "HackMit.Tests-macOS";
				PRODUCT_NAME = "$(TARGET_NAME)";
				SDKROOT = macosx;
				SWIFT_EMIT_LOC_STRINGS = NO;
				SWIFT_VERSION = 5.0;
				TEST_TARGET_NAME = "MyCarbonFootprint (macOS)";
			};
			name = Debug;
		};
		136B890028E89AAB007A6EE7 /* Release */ = {
			isa = XCBuildConfiguration;
			buildSettings = {
				ALWAYS_EMBED_SWIFT_STANDARD_LIBRARIES = YES;
				CODE_SIGN_STYLE = Automatic;
				CURRENT_PROJECT_VERSION = 1;
				DEVELOPMENT_TEAM = 257K27MSMU;
				GENERATE_INFOPLIST_FILE = YES;
				MACOSX_DEPLOYMENT_TARGET = 12.3;
				MARKETING_VERSION = 1.0;
				PRODUCT_BUNDLE_IDENTIFIER = "HackMit.Tests-macOS";
				PRODUCT_NAME = "$(TARGET_NAME)";
				SDKROOT = macosx;
				SWIFT_EMIT_LOC_STRINGS = NO;
				SWIFT_VERSION = 5.0;
				TEST_TARGET_NAME = "MyCarbonFootprint (macOS)";
			};
			name = Release;
		};
/* End XCBuildConfiguration section */

/* Begin XCConfigurationList section */
		136B88C328E89AA2007A6EE7 /* Build configuration list for PBXProject "MyCarbonFootprint" */ = {
			isa = XCConfigurationList;
			buildConfigurations = (
				136B88F328E89AAB007A6EE7 /* Debug */,
				136B88F428E89AAB007A6EE7 /* Release */,
			);
			defaultConfigurationIsVisible = 0;
			defaultConfigurationName = Release;
		};
		136B88F528E89AAB007A6EE7 /* Build configuration list for PBXNativeTarget "MyCarbonFootprint (iOS)" */ = {
			isa = XCConfigurationList;
			buildConfigurations = (
				136B88F628E89AAB007A6EE7 /* Debug */,
				136B88F728E89AAB007A6EE7 /* Release */,
			);
			defaultConfigurationIsVisible = 0;
			defaultConfigurationName = Release;
		};
		136B88F828E89AAB007A6EE7 /* Build configuration list for PBXNativeTarget "MyCarbonFootprint (macOS)" */ = {
			isa = XCConfigurationList;
			buildConfigurations = (
				136B88F928E89AAB007A6EE7 /* Debug */,
				136B88FA28E89AAB007A6EE7 /* Release */,
			);
			defaultConfigurationIsVisible = 0;
			defaultConfigurationName = Release;
		};
		136B88FB28E89AAB007A6EE7 /* Build configuration list for PBXNativeTarget "Tests iOS" */ = {
			isa = XCConfigurationList;
			buildConfigurations = (
				136B88FC28E89AAB007A6EE7 /* Debug */,
				136B88FD28E89AAB007A6EE7 /* Release */,
			);
			defaultConfigurationIsVisible = 0;
			defaultConfigurationName = Release;
		};
		136B88FE28E89AAB007A6EE7 /* Build configuration list for PBXNativeTarget "Tests macOS" */ = {
			isa = XCConfigurationList;
			buildConfigurations = (
				136B88FF28E89AAB007A6EE7 /* Debug */,
				136B890028E89AAB007A6EE7 /* Release */,
			);
			defaultConfigurationIsVisible = 0;
			defaultConfigurationName = Release;
		};
/* End XCConfigurationList section */
	};
	rootObject = 136B88C028E89AA2007A6EE7 /* Project object */;
}
